
Microsoft Visual Studio Solution File, Format Version 12.00
# Visual Studio Version 17
VisualStudioVersion = 17.4.33205.214
MinimumVisualStudioVersion = 10.0.40219.1
Project("{FAE04EC0-301F-11D3-BF4B-00C04F79EFBC}") = "MultiFileProject", "MultiFileProject\MultiFileProject.csproj", "{4E927810-33EE-4226-AC21-C0012DC78E18}"
EndProject
Global
	GlobalSection(SolutionConfigurationPlatforms) = preSolution
		Debug|Any CPU = Debug|Any CPU
		Release|Any CPU = Release|Any CPU
	EndGlobalSection
	GlobalSection(ProjectConfigurationPlatforms) = postSolution
		{4E927810-33EE-4226-AC21-C0012DC78E18}.Debug|Any CPU.ActiveCfg = Debug|Any CPU
		{4E927810-33EE-4226-AC21-C0012DC78E18}.Debug|Any CPU.Build.0 = Debug|Any CPU
		{4E927810-33EE-4226-AC21-C0012DC78E18}.Release|Any CPU.ActiveCfg = Release|Any CPU
		{4E927810-33EE-4226-AC21-C0012DC78E18}.Release|Any CPU.Build.0 = Release|Any CPU
	EndGlobalSection
	GlobalSection(SolutionProperties) = preSolution
		HideSolutionNode = FALSE
	EndGlobalSection
	GlobalSection(ExtensibilityGlobals) = postSolution
		SolutionGuid = {DDD01A78-CED1-444E-B510-99154C20D3BF}
	EndGlobalSection
EndGlobal
